
Microsoft Visual Studio Solution File, Format Version 12.00
# Visual Studio Version 17
VisualStudioVersion = 17.3.32929.385
MinimumVisualStudioVersion = 10.0.40219.1
Project("{FAE04EC0-301F-11D3-BF4B-00C04F79EFBC}") = "SwagProject", "SwagProject\SwagProject.csproj", "{3BFCED46-5D3A-4703-BC5A-7D910234978E}"
EndProject
Global
	GlobalSection(SolutionConfigurationPlatforms) = preSolution
		Debug|Any CPU = Debug|Any CPU
		Release|Any CPU = Release|Any CPU
	EndGlobalSection
	GlobalSection(ProjectConfigurationPlatforms) = postSolution
		{3BFCED46-5D3A-4703-BC5A-7D910234978E}.Debug|Any CPU.ActiveCfg = Debug|Any CPU
		{3BFCED46-5D3A-4703-BC5A-7D910234978E}.Debug|Any CPU.Build.0 = Debug|Any CPU
		{3BFCED46-5D3A-4703-BC5A-7D910234978E}.Release|Any CPU.ActiveCfg = Release|Any CPU
		{3BFCED46-5D3A-4703-BC5A-7D910234978E}.Release|Any CPU.Build.0 = Release|Any CPU
	EndGlobalSection
	GlobalSection(SolutionProperties) = preSolution
		HideSolutionNode = FALSE
	EndGlobalSection
	GlobalSection(ExtensibilityGlobals) = postSolution
		SolutionGuid = {29C7FC05-FF18-4854-B80E-7809E0E5DCDC}
	EndGlobalSection
EndGlobal
